
Microsoft Visual Studio Solution File, Format Version 12.00
# Visual Studio 2013
VisualStudioVersion = 12.0.31101.0
MinimumVisualStudioVersion = 10.0.40219.1
Project("{FAE04EC0-301F-11D3-BF4B-00C04F79EFBC}") = "OutlookAddIn1", "OutlookAddIn1\OutlookAddIn1.csproj", "{E2CB34E0-A608-45FA-880C-137325C69F83}"
EndProject
Project("{2150E333-8FDC-42A3-9474-1A3956D46DE8}") = "Solution Items", "Solution Items", "{1C22EA0A-4F12-4A1D-98AB-469088A5FFCF}"
EndProject
Global
	GlobalSection(SolutionConfigurationPlatforms) = preSolution
		Debug|Any CPU = Debug|Any CPU
		Release|Any CPU = Release|Any CPU
	EndGlobalSection
	GlobalSection(ProjectConfigurationPlatforms) = postSolution
		{E2CB34E0-A608-45FA-880C-137325C69F83}.Debug|Any CPU.ActiveCfg = Debug|Any CPU
		{E2CB34E0-A608-45FA-880C-137325C69F83}.Debug|Any CPU.Build.0 = Debug|Any CPU
		{E2CB34E0-A608-45FA-880C-137325C69F83}.Release|Any CPU.ActiveCfg = Release|Any CPU
		{E2CB34E0-A608-45FA-880C-137325C69F83}.Release|Any CPU.Build.0 = Release|Any CPU
	EndGlobalSection
	GlobalSection(SolutionProperties) = preSolution
		HideSolutionNode = FALSE
	EndGlobalSection
EndGlobal
